// !$*UTF8*$!
{
	archiveVersion = 1;
	classes = {
	};
	objectVersion = 56;
	objects = {

/* Begin PBXBuildFile section */
		533A65AD29273BE30077E046 /* Dex3AppApp.swift in Sources */ = {isa = PBXBuildFile; fileRef = 533A65AC29273BE30077E046 /* Dex3AppApp.swift */; };
		533A65AF29273BE30077E046 /* ContentView.swift in Sources */ = {isa = PBXBuildFile; fileRef = 533A65AE29273BE30077E046 /* ContentView.swift */; };
		533A65B129273BE50077E046 /* Assets.xcassets in Resources */ = {isa = PBXBuildFile; fileRef = 533A65B029273BE50077E046 /* Assets.xcassets */; };
		533A65B429273BE50077E046 /* Preview Assets.xcassets in Resources */ = {isa = PBXBuildFile; fileRef = 533A65B329273BE50077E046 /* Preview Assets.xcassets */; };
		533A65B629273BE50077E046 /* Persistence.swift in Sources */ = {isa = PBXBuildFile; fileRef = 533A65B529273BE50077E046 /* Persistence.swift */; };
		533A65B929273BE50077E046 /* Dex3App.xcdatamodeld in Sources */ = {isa = PBXBuildFile; fileRef = 533A65B729273BE50077E046 /* Dex3App.xcdatamodeld */; };
		536A3C50292BCCBC00923103 /* FetchImage.swift in Sources */ = {isa = PBXBuildFile; fileRef = 536A3C4F292BCCBC00923103 /* FetchImage.swift */; };
		536A3C52292BCF2500923103 /* WidgetPokemon.swift in Sources */ = {isa = PBXBuildFile; fileRef = 536A3C51292BCF2500923103 /* WidgetPokemon.swift */; };
		536A3C5A292BD3A500923103 /* WidgetKit.framework in Frameworks */ = {isa = PBXBuildFile; fileRef = 536A3C59292BD3A500923103 /* WidgetKit.framework */; };
		536A3C5C292BD3A500923103 /* SwiftUI.framework in Frameworks */ = {isa = PBXBuildFile; fileRef = 536A3C5B292BD3A500923103 /* SwiftUI.framework */; };
		536A3C5F292BD3A500923103 /* Dex3WidgetBundle.swift in Sources */ = {isa = PBXBuildFile; fileRef = 536A3C5E292BD3A500923103 /* Dex3WidgetBundle.swift */; };
		536A3C61292BD3A500923103 /* Dex3WidgetLiveActivity.swift in Sources */ = {isa = PBXBuildFile; fileRef = 536A3C60292BD3A500923103 /* Dex3WidgetLiveActivity.swift */; };
		536A3C63292BD3A500923103 /* Dex3Widget.swift in Sources */ = {isa = PBXBuildFile; fileRef = 536A3C62292BD3A500923103 /* Dex3Widget.swift */; };
		536A3C66292BD3A700923103 /* Assets.xcassets in Resources */ = {isa = PBXBuildFile; fileRef = 536A3C65292BD3A700923103 /* Assets.xcassets */; };
		536A3C68292BD3A700923103 /* Dex3Widget.intentdefinition in Sources */ = {isa = PBXBuildFile; fileRef = 536A3C64292BD3A500923103 /* Dex3Widget.intentdefinition */; };
		536A3C69292BD3A700923103 /* Dex3Widget.intentdefinition in Sources */ = {isa = PBXBuildFile; fileRef = 536A3C64292BD3A500923103 /* Dex3Widget.intentdefinition */; };
		536A3C6C292BD3A700923103 /* Dex3WidgetExtension.appex in Embed Foundation Extensions */ = {isa = PBXBuildFile; fileRef = 536A3C57292BD3A500923103 /* Dex3WidgetExtension.appex */; settings = {ATTRIBUTES = (RemoveHeadersOnCopy, ); }; };
		536A3C71292BD46200923103 /* Assets.xcassets in Resources */ = {isa = PBXBuildFile; fileRef = 533A65B029273BE50077E046 /* Assets.xcassets */; };
		536A3C72292BD47F00923103 /* Dex3App.xcdatamodeld in Sources */ = {isa = PBXBuildFile; fileRef = 533A65B729273BE50077E046 /* Dex3App.xcdatamodeld */; };
		536A3C73292BD48800923103 /* Pokemon+Ext.swift in Sources */ = {isa = PBXBuildFile; fileRef = 53E5810A292937FA0040A412 /* Pokemon+Ext.swift */; };
		536A3C74292BD48E00923103 /* Persistence.swift in Sources */ = {isa = PBXBuildFile; fileRef = 533A65B529273BE50077E046 /* Persistence.swift */; };
		536A3C75292BD49500923103 /* SamplePokemon.swift in Sources */ = {isa = PBXBuildFile; fileRef = 53B840BC29278F38004DCDC4 /* SamplePokemon.swift */; };
		536A3C76292BD49D00923103 /* FetchImage.swift in Sources */ = {isa = PBXBuildFile; fileRef = 536A3C4F292BCCBC00923103 /* FetchImage.swift */; };
		536A3C77292BD49D00923103 /* WidgetPokemon.swift in Sources */ = {isa = PBXBuildFile; fileRef = 536A3C51292BCF2500923103 /* WidgetPokemon.swift */; };
		53B840B529275601004DCDC4 /* TempPokemon.swift in Sources */ = {isa = PBXBuildFile; fileRef = 53B840B429275601004DCDC4 /* TempPokemon.swift */; };
		53B840B72927629E004DCDC4 /* Fetchcontroller.swift in Sources */ = {isa = PBXBuildFile; fileRef = 53B840B62927629E004DCDC4 /* Fetchcontroller.swift */; };
		53B840B929278328004DCDC4 /* PokenmonViewModal.swift in Sources */ = {isa = PBXBuildFile; fileRef = 53B840B829278328004DCDC4 /* PokenmonViewModal.swift */; };
		53B840BB29278CDE004DCDC4 /* PokemonDetail.swift in Sources */ = {isa = PBXBuildFile; fileRef = 53B840BA29278CDE004DCDC4 /* PokemonDetail.swift */; };
		53B840BD29278F38004DCDC4 /* SamplePokemon.swift in Sources */ = {isa = PBXBuildFile; fileRef = 53B840BC29278F38004DCDC4 /* SamplePokemon.swift */; };
		53E5810B292937FA0040A412 /* Pokemon+Ext.swift in Sources */ = {isa = PBXBuildFile; fileRef = 53E5810A292937FA0040A412 /* Pokemon+Ext.swift */; };
		53E5810F29293CDE0040A412 /* StatsView.swift in Sources */ = {isa = PBXBuildFile; fileRef = 53E5810E29293CDE0040A412 /* StatsView.swift */; };
/* End PBXBuildFile section */

/* Begin PBXContainerItemProxy section */
		536A3C6A292BD3A700923103 /* PBXContainerItemProxy */ = {
			isa = PBXContainerItemProxy;
			containerPortal = 533A65A129273BE30077E046 /* Project object */;
			proxyType = 1;
			remoteGlobalIDString = 536A3C56292BD3A500923103;
			remoteInfo = Dex3WidgetExtension;
		};
/* End PBXContainerItemProxy section */

/* Begin PBXCopyFilesBuildPhase section */
		536A3C70292BD3A700923103 /* Embed Foundation Extensions */ = {
			isa = PBXCopyFilesBuildPhase;
			buildActionMask = 2147483647;
			dstPath = "";
			dstSubfolderSpec = 13;
			files = (
				536A3C6C292BD3A700923103 /* Dex3WidgetExtension.appex in Embed Foundation Extensions */,
			);
			name = "Embed Foundation Extensions";
			runOnlyForDeploymentPostprocessing = 0;
		};
/* End PBXCopyFilesBuildPhase section */

/* Begin PBXFileReference section */
		533A65A929273BE30077E046 /* Dex3App.app */ = {isa = PBXFileReference; explicitFileType = wrapper.application; includeInIndex = 0; path = Dex3App.app; sourceTree = BUILT_PRODUCTS_DIR; };
		533A65AC29273BE30077E046 /* Dex3AppApp.swift */ = {isa = PBXFileReference; lastKnownFileType = sourcecode.swift; path = Dex3AppApp.swift; sourceTree = "<group>"; };
		533A65AE29273BE30077E046 /* ContentView.swift */ = {isa = PBXFileReference; lastKnownFileType = sourcecode.swift; path = ContentView.swift; sourceTree = "<group>"; };
		533A65B029273BE50077E046 /* Assets.xcassets */ = {isa = PBXFileReference; lastKnownFileType = folder.assetcatalog; path = Assets.xcassets; sourceTree = "<group>"; };
		533A65B329273BE50077E046 /* Preview Assets.xcassets */ = {isa = PBXFileReference; lastKnownFileType = folder.assetcatalog; path = "Preview Assets.xcassets"; sourceTree = "<group>"; };
		533A65B529273BE50077E046 /* Persistence.swift */ = {isa = PBXFileReference; lastKnownFileType = sourcecode.swift; path = Persistence.swift; sourceTree = "<group>"; };
		533A65B829273BE50077E046 /* Dex3App.xcdatamodel */ = {isa = PBXFileReference; lastKnownFileType = wrapper.xcdatamodel; path = Dex3App.xcdatamodel; sourceTree = "<group>"; };
		53593039292E080700B62199 /* Dex3WidgetExtension.entitlements */ = {isa = PBXFileReference; lastKnownFileType = text.plist.entitlements; path = Dex3WidgetExtension.entitlements; sourceTree = "<group>"; };
		5359303A292E086600B62199 /* Dex3App.entitlements */ = {isa = PBXFileReference; lastKnownFileType = text.plist.entitlements; path = Dex3App.entitlements; sourceTree = "<group>"; };
		536A3C4F292BCCBC00923103 /* FetchImage.swift */ = {isa = PBXFileReference; lastKnownFileType = sourcecode.swift; path = FetchImage.swift; sourceTree = "<group>"; };
		536A3C51292BCF2500923103 /* WidgetPokemon.swift */ = {isa = PBXFileReference; lastKnownFileType = sourcecode.swift; path = WidgetPokemon.swift; sourceTree = "<group>"; };
		536A3C57292BD3A500923103 /* Dex3WidgetExtension.appex */ = {isa = PBXFileReference; explicitFileType = "wrapper.app-extension"; includeInIndex = 0; path = Dex3WidgetExtension.appex; sourceTree = BUILT_PRODUCTS_DIR; };
		536A3C59292BD3A500923103 /* WidgetKit.framework */ = {isa = PBXFileReference; lastKnownFileType = wrapper.framework; name = WidgetKit.framework; path = System/Library/Frameworks/WidgetKit.framework; sourceTree = SDKROOT; };
		536A3C5B292BD3A500923103 /* SwiftUI.framework */ = {isa = PBXFileReference; lastKnownFileType = wrapper.framework; name = SwiftUI.framework; path = System/Library/Frameworks/SwiftUI.framework; sourceTree = SDKROOT; };
		536A3C5E292BD3A500923103 /* Dex3WidgetBundle.swift */ = {isa = PBXFileReference; lastKnownFileType = sourcecode.swift; path = Dex3WidgetBundle.swift; sourceTree = "<group>"; };
		536A3C60292BD3A500923103 /* Dex3WidgetLiveActivity.swift */ = {isa = PBXFileReference; lastKnownFileType = sourcecode.swift; path = Dex3WidgetLiveActivity.swift; sourceTree = "<group>"; };
		536A3C62292BD3A500923103 /* Dex3Widget.swift */ = {isa = PBXFileReference; lastKnownFileType = sourcecode.swift; path = Dex3Widget.swift; sourceTree = "<group>"; };
		536A3C64292BD3A500923103 /* Dex3Widget.intentdefinition */ = {isa = PBXFileReference; lastKnownFileType = file.intentdefinition; path = Dex3Widget.intentdefinition; sourceTree = "<group>"; };
		536A3C65292BD3A700923103 /* Assets.xcassets */ = {isa = PBXFileReference; lastKnownFileType = folder.assetcatalog; path = Assets.xcassets; sourceTree = "<group>"; };
		536A3C67292BD3A700923103 /* Info.plist */ = {isa = PBXFileReference; lastKnownFileType = text.plist.xml; path = Info.plist; sourceTree = "<group>"; };
		53B840B429275601004DCDC4 /* TempPokemon.swift */ = {isa = PBXFileReference; lastKnownFileType = sourcecode.swift; path = TempPokemon.swift; sourceTree = "<group>"; };
		53B840B62927629E004DCDC4 /* Fetchcontroller.swift */ = {isa = PBXFileReference; lastKnownFileType = sourcecode.swift; path = Fetchcontroller.swift; sourceTree = "<group>"; };
		53B840B829278328004DCDC4 /* PokenmonViewModal.swift */ = {isa = PBXFileReference; lastKnownFileType = sourcecode.swift; path = PokenmonViewModal.swift; sourceTree = "<group>"; };
		53B840BA29278CDE004DCDC4 /* PokemonDetail.swift */ = {isa = PBXFileReference; lastKnownFileType = sourcecode.swift; path = PokemonDetail.swift; sourceTree = "<group>"; };
		53B840BC29278F38004DCDC4 /* SamplePokemon.swift */ = {isa = PBXFileReference; lastKnownFileType = sourcecode.swift; path = SamplePokemon.swift; sourceTree = "<group>"; };
		53E5810A292937FA0040A412 /* Pokemon+Ext.swift */ = {isa = PBXFileReference; lastKnownFileType = sourcecode.swift; path = "Pokemon+Ext.swift"; sourceTree = "<group>"; };
		53E5810E29293CDE0040A412 /* StatsView.swift */ = {isa = PBXFileReference; lastKnownFileType = sourcecode.swift; path = StatsView.swift; sourceTree = "<group>"; };
/* End PBXFileReference section */

/* Begin PBXFrameworksBuildPhase section */
		533A65A629273BE30077E046 /* Frameworks */ = {
			isa = PBXFrameworksBuildPhase;
			buildActionMask = 2147483647;
			files = (
			);
			runOnlyForDeploymentPostprocessing = 0;
		};
		536A3C54292BD3A500923103 /* Frameworks */ = {
			isa = PBXFrameworksBuildPhase;
			buildActionMask = 2147483647;
			files = (
				536A3C5C292BD3A500923103 /* SwiftUI.framework in Frameworks */,
				536A3C5A292BD3A500923103 /* WidgetKit.framework in Frameworks */,
			);
			runOnlyForDeploymentPostprocessing = 0;
		};
/* End PBXFrameworksBuildPhase section */

/* Begin PBXGroup section */
		533A65A029273BE30077E046 = {
			isa = PBXGroup;
			children = (
				533A65AB29273BE30077E046 /* Dex3App */,
				536A3C5D292BD3A500923103 /* Dex3Widget */,
				536A3C58292BD3A500923103 /* Frameworks */,
				533A65AA29273BE30077E046 /* Products */,
			);
			sourceTree = "<group>";
		};
		533A65AA29273BE30077E046 /* Products */ = {
			isa = PBXGroup;
			children = (
				533A65A929273BE30077E046 /* Dex3App.app */,
				536A3C57292BD3A500923103 /* Dex3WidgetExtension.appex */,
			);
			name = Products;
			sourceTree = "<group>";
		};
		533A65AB29273BE30077E046 /* Dex3App */ = {
			isa = PBXGroup;
			children = (
				53593039292E080700B62199 /* Dex3WidgetExtension.entitlements */,
				5359303A292E086600B62199 /* Dex3App.entitlements */,
				533A65AC29273BE30077E046 /* Dex3AppApp.swift */,
				53E5810E29293CDE0040A412 /* StatsView.swift */,
				533A65AE29273BE30077E046 /* ContentView.swift */,
				53B840B429275601004DCDC4 /* TempPokemon.swift */,
				53B840BC29278F38004DCDC4 /* SamplePokemon.swift */,
				53B840B829278328004DCDC4 /* PokenmonViewModal.swift */,
				53B840B62927629E004DCDC4 /* Fetchcontroller.swift */,
				53B840BA29278CDE004DCDC4 /* PokemonDetail.swift */,
				536A3C4F292BCCBC00923103 /* FetchImage.swift */,
				536A3C51292BCF2500923103 /* WidgetPokemon.swift */,
				53E5810A292937FA0040A412 /* Pokemon+Ext.swift */,
				533A65B029273BE50077E046 /* Assets.xcassets */,
				533A65B529273BE50077E046 /* Persistence.swift */,
				533A65B729273BE50077E046 /* Dex3App.xcdatamodeld */,
				533A65B229273BE50077E046 /* Preview Content */,
			);
			path = Dex3App;
			sourceTree = "<group>";
		};
		533A65B229273BE50077E046 /* Preview Content */ = {
			isa = PBXGroup;
			children = (
				533A65B329273BE50077E046 /* Preview Assets.xcassets */,
			);
			path = "Preview Content";
			sourceTree = "<group>";
		};
		536A3C58292BD3A500923103 /* Frameworks */ = {
			isa = PBXGroup;
			children = (
				536A3C59292BD3A500923103 /* WidgetKit.framework */,
				536A3C5B292BD3A500923103 /* SwiftUI.framework */,
			);
			name = Frameworks;
			sourceTree = "<group>";
		};
		536A3C5D292BD3A500923103 /* Dex3Widget */ = {
			isa = PBXGroup;
			children = (
				536A3C5E292BD3A500923103 /* Dex3WidgetBundle.swift */,
				536A3C60292BD3A500923103 /* Dex3WidgetLiveActivity.swift */,
				536A3C62292BD3A500923103 /* Dex3Widget.swift */,
				536A3C64292BD3A500923103 /* Dex3Widget.intentdefinition */,
				536A3C65292BD3A700923103 /* Assets.xcassets */,
				536A3C67292BD3A700923103 /* Info.plist */,
			);
			path = Dex3Widget;
			sourceTree = "<group>";
		};
/* End PBXGroup section */

/* Begin PBXNativeTarget section */
		533A65A829273BE30077E046 /* Dex3App */ = {
			isa = PBXNativeTarget;
			buildConfigurationList = 533A65BC29273BE50077E046 /* Build configuration list for PBXNativeTarget "Dex3App" */;
			buildPhases = (
				533A65A529273BE30077E046 /* Sources */,
				533A65A629273BE30077E046 /* Frameworks */,
				533A65A729273BE30077E046 /* Resources */,
				536A3C70292BD3A700923103 /* Embed Foundation Extensions */,
			);
			buildRules = (
			);
			dependencies = (
				536A3C6B292BD3A700923103 /* PBXTargetDependency */,
			);
			name = Dex3App;
			productName = Dex3App;
			productReference = 533A65A929273BE30077E046 /* Dex3App.app */;
			productType = "com.apple.product-type.application";
		};
		536A3C56292BD3A500923103 /* Dex3WidgetExtension */ = {
			isa = PBXNativeTarget;
			buildConfigurationList = 536A3C6D292BD3A700923103 /* Build configuration list for PBXNativeTarget "Dex3WidgetExtension" */;
			buildPhases = (
				536A3C53292BD3A500923103 /* Sources */,
				536A3C54292BD3A500923103 /* Frameworks */,
				536A3C55292BD3A500923103 /* Resources */,
			);
			buildRules = (
			);
			dependencies = (
			);
			name = Dex3WidgetExtension;
			productName = Dex3WidgetExtension;
			productReference = 536A3C57292BD3A500923103 /* Dex3WidgetExtension.appex */;
			productType = "com.apple.product-type.app-extension";
		};
/* End PBXNativeTarget section */

/* Begin PBXProject section */
		533A65A129273BE30077E046 /* Project object */ = {
			isa = PBXProject;
			attributes = {
				BuildIndependentTargetsInParallel = 1;
				LastSwiftUpdateCheck = 1410;
				LastUpgradeCheck = 1410;
				TargetAttributes = {
					533A65A829273BE30077E046 = {
						CreatedOnToolsVersion = 14.1;
					};
					536A3C56292BD3A500923103 = {
						CreatedOnToolsVersion = 14.1;
					};
				};
			};
			buildConfigurationList = 533A65A429273BE30077E046 /* Build configuration list for PBXProject "Dex3App" */;
			compatibilityVersion = "Xcode 14.0";
			developmentRegion = en;
			hasScannedForEncodings = 0;
			knownRegions = (
				en,
				Base,
			);
			mainGroup = 533A65A029273BE30077E046;
			productRefGroup = 533A65AA29273BE30077E046 /* Products */;
			projectDirPath = "";
			projectRoot = "";
			targets = (
				533A65A829273BE30077E046 /* Dex3App */,
				536A3C56292BD3A500923103 /* Dex3WidgetExtension */,
			);
		};
/* End PBXProject section */

/* Begin PBXResourcesBuildPhase section */
		533A65A729273BE30077E046 /* Resources */ = {
			isa = PBXResourcesBuildPhase;
			buildActionMask = 2147483647;
			files = (
				533A65B429273BE50077E046 /* Preview Assets.xcassets in Resources */,
				533A65B129273BE50077E046 /* Assets.xcassets in Resources */,
			);
			runOnlyForDeploymentPostprocessing = 0;
		};
		536A3C55292BD3A500923103 /* Resources */ = {
			isa = PBXResourcesBuildPhase;
			buildActionMask = 2147483647;
			files = (
				536A3C71292BD46200923103 /* Assets.xcassets in Resources */,
				536A3C66292BD3A700923103 /* Assets.xcassets in Resources */,
			);
			runOnlyForDeploymentPostprocessing = 0;
		};
/* End PBXResourcesBuildPhase section */

/* Begin PBXSourcesBuildPhase section */
		533A65A529273BE30077E046 /* Sources */ = {
			isa = PBXSourcesBuildPhase;
			buildActionMask = 2147483647;
			files = (
				53E5810F29293CDE0040A412 /* StatsView.swift in Sources */,
				53B840B72927629E004DCDC4 /* Fetchcontroller.swift in Sources */,
				53B840B929278328004DCDC4 /* PokenmonViewModal.swift in Sources */,
				53B840BB29278CDE004DCDC4 /* PokemonDetail.swift in Sources */,
				536A3C69292BD3A700923103 /* Dex3Widget.intentdefinition in Sources */,
				536A3C52292BCF2500923103 /* WidgetPokemon.swift in Sources */,
				53E5810B292937FA0040A412 /* Pokemon+Ext.swift in Sources */,
				533A65B629273BE50077E046 /* Persistence.swift in Sources */,
				53B840BD29278F38004DCDC4 /* SamplePokemon.swift in Sources */,
				533A65B929273BE50077E046 /* Dex3App.xcdatamodeld in Sources */,
				536A3C50292BCCBC00923103 /* FetchImage.swift in Sources */,
				53B840B529275601004DCDC4 /* TempPokemon.swift in Sources */,
				533A65AF29273BE30077E046 /* ContentView.swift in Sources */,
				533A65AD29273BE30077E046 /* Dex3AppApp.swift in Sources */,
			);
			runOnlyForDeploymentPostprocessing = 0;
		};
		536A3C53292BD3A500923103 /* Sources */ = {
			isa = PBXSourcesBuildPhase;
			buildActionMask = 2147483647;
			files = (
				536A3C68292BD3A700923103 /* Dex3Widget.intentdefinition in Sources */,
				536A3C75292BD49500923103 /* SamplePokemon.swift in Sources */,
				536A3C72292BD47F00923103 /* Dex3App.xcdatamodeld in Sources */,
				536A3C61292BD3A500923103 /* Dex3WidgetLiveActivity.swift in Sources */,
				536A3C74292BD48E00923103 /* Persistence.swift in Sources */,
				536A3C77292BD49D00923103 /* WidgetPokemon.swift in Sources */,
				536A3C73292BD48800923103 /* Pokemon+Ext.swift in Sources */,
				536A3C63292BD3A500923103 /* Dex3Widget.swift in Sources */,
				536A3C5F292BD3A500923103 /* Dex3WidgetBundle.swift in Sources */,
				536A3C76292BD49D00923103 /* FetchImage.swift in Sources */,
			);
			runOnlyForDeploymentPostprocessing = 0;
		};
/* End PBXSourcesBuildPhase section */

/* Begin PBXTargetDependency section */
		536A3C6B292BD3A700923103 /* PBXTargetDependency */ = {
			isa = PBXTargetDependency;
			target = 536A3C56292BD3A500923103 /* Dex3WidgetExtension */;
			targetProxy = 536A3C6A292BD3A700923103 /* PBXContainerItemProxy */;
		};
/* End PBXTargetDependency section */

/* Begin XCBuildConfiguration section */
		533A65BA29273BE50077E046 /* Debug */ = {
			isa = XCBuildConfiguration;
			buildSettings = {
				ALWAYS_SEARCH_USER_PATHS = NO;
				CLANG_ANALYZER_NONNULL = YES;
				CLANG_ANALYZER_NUMBER_OBJECT_CONVERSION = YES_AGGRESSIVE;
				CLANG_CXX_LANGUAGE_STANDARD = "gnu++20";
				CLANG_ENABLE_MODULES = YES;
				CLANG_ENABLE_OBJC_ARC = YES;
				CLANG_ENABLE_OBJC_WEAK = YES;
				CLANG_WARN_BLOCK_CAPTURE_AUTORELEASING = YES;
				CLANG_WARN_BOOL_CONVERSION = YES;
				CLANG_WARN_COMMA = YES;
				CLANG_WARN_CONSTANT_CONVERSION = YES;
				CLANG_WARN_DEPRECATED_OBJC_IMPLEMENTATIONS = YES;
				CLANG_WARN_DIRECT_OBJC_ISA_USAGE = YES_ERROR;
				CLANG_WARN_DOCUMENTATION_COMMENTS = YES;
				CLANG_WARN_EMPTY_BODY = YES;
				CLANG_WARN_ENUM_CONVERSION = YES;
				CLANG_WARN_INFINITE_RECURSION = YES;
				CLANG_WARN_INT_CONVERSION = YES;
				CLANG_WARN_NON_LITERAL_NULL_CONVERSION = YES;
				CLANG_WARN_OBJC_IMPLICIT_RETAIN_SELF = YES;
				CLANG_WARN_OBJC_LITERAL_CONVERSION = YES;
				CLANG_WARN_OBJC_ROOT_CLASS = YES_ERROR;
				CLANG_WARN_QUOTED_INCLUDE_IN_FRAMEWORK_HEADER = YES;
				CLANG_WARN_RANGE_LOOP_ANALYSIS = YES;
				CLANG_WARN_STRICT_PROTOTYPES = YES;
				CLANG_WARN_SUSPICIOUS_MOVE = YES;
				CLANG_WARN_UNGUARDED_AVAILABILITY = YES_AGGRESSIVE;
				CLANG_WARN_UNREACHABLE_CODE = YES;
				CLANG_WARN__DUPLICATE_METHOD_MATCH = YES;
				COPY_PHASE_STRIP = NO;
				DEBUG_INFORMATION_FORMAT = dwarf;
				ENABLE_STRICT_OBJC_MSGSEND = YES;
				ENABLE_TESTABILITY = YES;
				GCC_C_LANGUAGE_STANDARD = gnu11;
				GCC_DYNAMIC_NO_PIC = NO;
				GCC_NO_COMMON_BLOCKS = YES;
				GCC_OPTIMIZATION_LEVEL = 0;
				GCC_PREPROCESSOR_DEFINITIONS = (
					"DEBUG=1",
					"$(inherited)",
				);
				GCC_WARN_64_TO_32_BIT_CONVERSION = YES;
				GCC_WARN_ABOUT_RETURN_TYPE = YES_ERROR;
				GCC_WARN_UNDECLARED_SELECTOR = YES;
				GCC_WARN_UNINITIALIZED_AUTOS = YES_AGGRESSIVE;
				GCC_WARN_UNUSED_FUNCTION = YES;
				GCC_WARN_UNUSED_VARIABLE = YES;
				IPHONEOS_DEPLOYMENT_TARGET = 16.1;
				MTL_ENABLE_DEBUG_INFO = INCLUDE_SOURCE;
				MTL_FAST_MATH = YES;
				ONLY_ACTIVE_ARCH = YES;
				SDKROOT = iphoneos;
				SWIFT_ACTIVE_COMPILATION_CONDITIONS = DEBUG;
				SWIFT_OPTIMIZATION_LEVEL = "-Onone";
			};
			name = Debug;
		};
		533A65BB29273BE50077E046 /* Release */ = {
			isa = XCBuildConfiguration;
			buildSettings = {
				ALWAYS_SEARCH_USER_PATHS = NO;
				CLANG_ANALYZER_NONNULL = YES;
				CLANG_ANALYZER_NUMBER_OBJECT_CONVERSION = YES_AGGRESSIVE;
				CLANG_CXX_LANGUAGE_STANDARD = "gnu++20";
				CLANG_ENABLE_MODULES = YES;
				CLANG_ENABLE_OBJC_ARC = YES;
				CLANG_ENABLE_OBJC_WEAK = YES;
				CLANG_WARN_BLOCK_CAPTURE_AUTORELEASING = YES;
				CLANG_WARN_BOOL_CONVERSION = YES;
				CLANG_WARN_COMMA = YES;
				CLANG_WARN_CONSTANT_CONVERSION = YES;
				CLANG_WARN_DEPRECATED_OBJC_IMPLEMENTATIONS = YES;
				CLANG_WARN_DIRECT_OBJC_ISA_USAGE = YES_ERROR;
				CLANG_WARN_DOCUMENTATION_COMMENTS = YES;
				CLANG_WARN_EMPTY_BODY = YES;
				CLANG_WARN_ENUM_CONVERSION = YES;
				CLANG_WARN_INFINITE_RECURSION = YES;
				CLANG_WARN_INT_CONVERSION = YES;
				CLANG_WARN_NON_LITERAL_NULL_CONVERSION = YES;
				CLANG_WARN_OBJC_IMPLICIT_RETAIN_SELF = YES;
				CLANG_WARN_OBJC_LITERAL_CONVERSION = YES;
				CLANG_WARN_OBJC_ROOT_CLASS = YES_ERROR;
				CLANG_WARN_QUOTED_INCLUDE_IN_FRAMEWORK_HEADER = YES;
				CLANG_WARN_RANGE_LOOP_ANALYSIS = YES;
				CLANG_WARN_STRICT_PROTOTYPES = YES;
				CLANG_WARN_SUSPICIOUS_MOVE = YES;
				CLANG_WARN_UNGUARDED_AVAILABILITY = YES_AGGRESSIVE;
				CLANG_WARN_UNREACHABLE_CODE = YES;
				CLANG_WARN__DUPLICATE_METHOD_MATCH = YES;
				COPY_PHASE_STRIP = NO;
				DEBUG_INFORMATION_FORMAT = "dwarf-with-dsym";
				ENABLE_NS_ASSERTIONS = NO;
				ENABLE_STRICT_OBJC_MSGSEND = YES;
				GCC_C_LANGUAGE_STANDARD = gnu11;
				GCC_NO_COMMON_BLOCKS = YES;
				GCC_WARN_64_TO_32_BIT_CONVERSION = YES;
				GCC_WARN_ABOUT_RETURN_TYPE = YES_ERROR;
				GCC_WARN_UNDECLARED_SELECTOR = YES;
				GCC_WARN_UNINITIALIZED_AUTOS = YES_AGGRESSIVE;
				GCC_WARN_UNUSED_FUNCTION = YES;
				GCC_WARN_UNUSED_VARIABLE = YES;
				IPHONEOS_DEPLOYMENT_TARGET = 16.1;
				MTL_ENABLE_DEBUG_INFO = NO;
				MTL_FAST_MATH = YES;
				SDKROOT = iphoneos;
				SWIFT_COMPILATION_MODE = wholemodule;
				SWIFT_OPTIMIZATION_LEVEL = "-O";
				VALIDATE_PRODUCT = YES;
			};
			name = Release;
		};
		533A65BD29273BE50077E046 /* Debug */ = {
			isa = XCBuildConfiguration;
			buildSettings = {
				ALWAYS_EMBED_SWIFT_STANDARD_LIBRARIES = YES;
				ASSETCATALOG_COMPILER_APPICON_NAME = AppIcon;
				ASSETCATALOG_COMPILER_GLOBAL_ACCENT_COLOR_NAME = AccentColor;
				CODE_SIGN_ENTITLEMENTS = Dex3App/Dex3App.entitlements;
				CODE_SIGN_STYLE = Automatic;
				CURRENT_PROJECT_VERSION = 1;
				DEVELOPMENT_ASSET_PATHS = "\"Dex3App/Preview Content\"";
				DEVELOPMENT_TEAM = 7LCSPM3A63;
				ENABLE_PREVIEWS = YES;
				GENERATE_INFOPLIST_FILE = YES;
				INFOPLIST_KEY_UIApplicationSceneManifest_Generation = YES;
				INFOPLIST_KEY_UIApplicationSupportsIndirectInputEvents = YES;
				INFOPLIST_KEY_UILaunchScreen_Generation = YES;
				INFOPLIST_KEY_UISupportedInterfaceOrientations_iPad = "UIInterfaceOrientationPortrait UIInterfaceOrientationPortraitUpsideDown UIInterfaceOrientationLandscapeLeft UIInterfaceOrientationLandscapeRight";
				INFOPLIST_KEY_UISupportedInterfaceOrientations_iPhone = "UIInterfaceOrientationPortrait UIInterfaceOrientationLandscapeLeft UIInterfaceOrientationLandscapeRight";
				LD_RUNPATH_SEARCH_PATHS = (
					"$(inherited)",
					"@executable_path/Frameworks",
				);
				MARKETING_VERSION = 1.0;
				PRODUCT_BUNDLE_IDENTIFIER = com.roam.Dex3App;
				PRODUCT_NAME = "$(TARGET_NAME)";
				SWIFT_EMIT_LOC_STRINGS = YES;
				SWIFT_VERSION = 5.0;
				TARGETED_DEVICE_FAMILY = "1,2";
			};
			name = Debug;
		};
		533A65BE29273BE50077E046 /* Release */ = {
			isa = XCBuildConfiguration;
			buildSettings = {
				ALWAYS_EMBED_SWIFT_STANDARD_LIBRARIES = YES;
				ASSETCATALOG_COMPILER_APPICON_NAME = AppIcon;
				ASSETCATALOG_COMPILER_GLOBAL_ACCENT_COLOR_NAME = AccentColor;
				CODE_SIGN_ENTITLEMENTS = Dex3App/Dex3App.entitlements;
				CODE_SIGN_STYLE = Automatic;
				CURRENT_PROJECT_VERSION = 1;
				DEVELOPMENT_ASSET_PATHS = "\"Dex3App/Preview Content\"";
				DEVELOPMENT_TEAM = 7LCSPM3A63;
				ENABLE_PREVIEWS = YES;
				GENERATE_INFOPLIST_FILE = YES;
				INFOPLIST_KEY_UIApplicationSceneManifest_Generation = YES;
				INFOPLIST_KEY_UIApplicationSupportsIndirectInputEvents = YES;
				INFOPLIST_KEY_UILaunchScreen_Generation = YES;
				INFOPLIST_KEY_UISupportedInterfaceOrientations_iPad = "UIInterfaceOrientationPortrait UIInterfaceOrientationPortraitUpsideDown UIInterfaceOrientationLandscapeLeft UIInterfaceOrientationLandscapeRight";
				INFOPLIST_KEY_UISupportedInterfaceOrientations_iPhone = "UIInterfaceOrientationPortrait UIInterfaceOrientationLandscapeLeft UIInterfaceOrientationLandscapeRight";
				LD_RUNPATH_SEARCH_PATHS = (
					"$(inherited)",
					"@executable_path/Frameworks",
				);
				MARKETING_VERSION = 1.0;
				PRODUCT_BUNDLE_IDENTIFIER = com.roam.Dex3App;
				PRODUCT_NAME = "$(TARGET_NAME)";
				SWIFT_EMIT_LOC_STRINGS = YES;
				SWIFT_VERSION = 5.0;
				TARGETED_DEVICE_FAMILY = "1,2";
			};
			name = Release;
		};
		536A3C6E292BD3A700923103 /* Debug */ = {
			isa = XCBuildConfiguration;
			buildSettings = {
				ASSETCATALOG_COMPILER_GLOBAL_ACCENT_COLOR_NAME = AccentColor;
				ASSETCATALOG_COMPILER_WIDGET_BACKGROUND_COLOR_NAME = WidgetBackground;
				CODE_SIGN_ENTITLEMENTS = Dex3App/Dex3WidgetExtension.entitlements;
				CODE_SIGN_STYLE = Automatic;
				CURRENT_PROJECT_VERSION = 1;
				DEVELOPMENT_TEAM = 7LCSPM3A63;
				GENERATE_INFOPLIST_FILE = YES;
				INFOPLIST_FILE = Dex3Widget/Info.plist;
				INFOPLIST_KEY_CFBundleDisplayName = Dex3Widget;
				INFOPLIST_KEY_NSHumanReadableCopyright = "";
				LD_RUNPATH_SEARCH_PATHS = (
					"$(inherited)",
					"@executable_path/Frameworks",
					"@executable_path/../../Frameworks",
				);
				MARKETING_VERSION = 1.0;
				PRODUCT_BUNDLE_IDENTIFIER = com.roam.Dex3App.Dex3Widget;
				PRODUCT_NAME = "$(TARGET_NAME)";
				SKIP_INSTALL = YES;
				SWIFT_EMIT_LOC_STRINGS = YES;
				SWIFT_VERSION = 5.0;
				TARGETED_DEVICE_FAMILY = "1,2";
			};
			name = Debug;
		};
		536A3C6F292BD3A700923103 /* Release */ = {
			isa = XCBuildConfiguration;
			buildSettings = {
				ASSETCATALOG_COMPILER_GLOBAL_ACCENT_COLOR_NAME = AccentColor;
				ASSETCATALOG_COMPILER_WIDGET_BACKGROUND_COLOR_NAME = WidgetBackground;
				CODE_SIGN_ENTITLEMENTS = Dex3App/Dex3WidgetExtension.entitlements;
				CODE_SIGN_STYLE = Automatic;
				CURRENT_PROJECT_VERSION = 1;
				DEVELOPMENT_TEAM = 7LCSPM3A63;
				GENERATE_INFOPLIST_FILE = YES;
				INFOPLIST_FILE = Dex3Widget/Info.plist;
				INFOPLIST_KEY_CFBundleDisplayName = Dex3Widget;
				INFOPLIST_KEY_NSHumanReadableCopyright = "";
				LD_RUNPATH_SEARCH_PATHS = (
					"$(inherited)",
					"@executable_path/Frameworks",
					"@executable_path/../../Frameworks",
				);
				MARKETING_VERSION = 1.0;
				PRODUCT_BUNDLE_IDENTIFIER = com.roam.Dex3App.Dex3Widget;
				PRODUCT_NAME = "$(TARGET_NAME)";
				SKIP_INSTALL = YES;
				SWIFT_EMIT_LOC_STRINGS = YES;
				SWIFT_VERSION = 5.0;
				TARGETED_DEVICE_FAMILY = "1,2";
			};
			name = Release;
		};
/* End XCBuildConfiguration section */

/* Begin XCConfigurationList section */
		533A65A429273BE30077E046 /* Build configuration list for PBXProject "Dex3App" */ = {
			isa = XCConfigurationList;
			buildConfigurations = (
				533A65BA29273BE50077E046 /* Debug */,
				533A65BB29273BE50077E046 /* Release */,
			);
			defaultConfigurationIsVisible = 0;
			defaultConfigurationName = Release;
		};
		533A65BC29273BE50077E046 /* Build configuration list for PBXNativeTarget "Dex3App" */ = {
			isa = XCConfigurationList;
			buildConfigurations = (
				533A65BD29273BE50077E046 /* Debug */,
				533A65BE29273BE50077E046 /* Release */,
			);
			defaultConfigurationIsVisible = 0;
			defaultConfigurationName = Release;
		};
		536A3C6D292BD3A700923103 /* Build configuration list for PBXNativeTarget "Dex3WidgetExtension" */ = {
			isa = XCConfigurationList;
			buildConfigurations = (
				536A3C6E292BD3A700923103 /* Debug */,
				536A3C6F292BD3A700923103 /* Release */,
			);
			defaultConfigurationIsVisible = 0;
			defaultConfigurationName = Release;
		};
/* End XCConfigurationList section */

/* Begin XCVersionGroup section */
		533A65B729273BE50077E046 /* Dex3App.xcdatamodeld */ = {
			isa = XCVersionGroup;
			children = (
				533A65B829273BE50077E046 /* Dex3App.xcdatamodel */,
			);
			currentVersion = 533A65B829273BE50077E046 /* Dex3App.xcdatamodel */;
			path = Dex3App.xcdatamodeld;
			sourceTree = "<group>";
			versionGroupType = wrapper.xcdatamodel;
		};
/* End XCVersionGroup section */
	};
	rootObject = 533A65A129273BE30077E046 /* Project object */;
}
